<?xml version="1.0" encoding="utf-8"?>
<Project ToolsVersion="4.0" xmlns="http://schemas.microsoft.com/developer/msbuild/2003">
  <ItemGroup>
    <Filter Include="Source Files">
      <UniqueIdentifier>{4FC737F1-C7A5-4376-A066-2A32D752A2FF}</UniqueIdentifier>
      <Extensions>cpp;c;cc;cxx;def;odl;idl;hpj;bat;asm;asmx</Extensions>
    </Filter>
    <Filter Include="Header Files">
      <UniqueIdentifier>{93995380-89BD-4b04-88EB-625FBE52EBFB}</UniqueIdentifier>
      <Extensions>h;hpp;hxx;hm;inl;inc;xsd</Extensions>
    </Filter>
    <Filter Include="Resource Files">
      <UniqueIdentifier>{67DA6AB6-F800-4c08-8B7A-83BB121AAD01}</UniqueIdentifier>
      <Extensions>rc;ico;cur;bmp;dlg;rc2;rct;bin;rgs;gif;jpg;jpeg;jpe;resx;tiff;tif;png;wav;mfcribbon-ms</Extensions>
    </Filter>
    <Filter Include="Header Files\Matriz">
      <UniqueIdentifier>{b1804dbb-f6ac-42f4-8557-0a763180e286}</UniqueIdentifier>
    </Filter>
    <Filter Include="Source Files\Carro">
      <UniqueIdentifier>{315ee1c6-2d4d-46e6-9af1-fb9e1d9b8c2c}</UniqueIdentifier>
    </Filter>
    <Filter Include="Header Files\Carro">
      <UniqueIdentifier>{cec36634-c4ed-46cc-a8d5-4f19200b97fd}</UniqueIdentifier>
    </Filter>
  </ItemGroup>
  <ItemGroup>
    <ClCompile Include="src\main.cpp">
      <Filter>Source Files</Filter>
    </ClCompile>
    <ClCompile Include="src\Input\Input.cpp">
      <Filter>Source Files</Filter>
    </ClCompile>
    <ClCompile Include="src\Base.cpp">
      <Filter>Source Files\Carro</Filter>
    </ClCompile>
    <ClCompile Include="src\Braco.cpp">
      <Filter>Source Files\Carro</Filter>
    </ClCompile>
    <ClCompile Include="src\Carro.cpp">
      <Filter>Source Files\Carro</Filter>
    </ClCompile>
  </ItemGroup>
  <ItemGroup>
    <ClInclude Include="src\pistao.hpp">
      <Filter>Header Files</Filter>
    </ClInclude>
    <ClInclude Include="src\Matriz\Matriz.hpp">
      <Filter>Header Files\Matriz</Filter>
    </ClInclude>
    <ClInclude Include="src\Matriz\Matriz_Functions.hpp">
      <Filter>Header Files\Matriz</Filter>
    </ClInclude>
    <ClInclude Include="src\Sphere.hpp">
      <Filter>Header Files</Filter>
    </ClInclude>
    <ClInclude Include="src\Input\Input.h">
      <Filter>Header Files</Filter>
    </ClInclude>
    <ClInclude Include="src\Base.hpp">
      <Filter>Header Files\Carro</Filter>
    </ClInclude>
    <ClInclude Include="src\Braco.hpp">
      <Filter>Header Files\Carro</Filter>
    </ClInclude>
    <ClInclude Include="src\Carro.hpp">
      <Filter>Header Files\Carro</Filter>
    </ClInclude>
  </ItemGroup>
</Project>